
Microsoft Visual Studio Solution File, Format Version 12.00
# Visual Studio Version 17
VisualStudioVersion = 17.3.32825.248
MinimumVisualStudioVersion = 10.0.40219.1
Project("{9A19103F-16F7-4668-BE54-9A1E7A4F7556}") = "Restaurant.Booking", "Restaurant.Booking.csproj", "{1F271328-5101-4CB3-A902-74A81EC8782C}"
	ProjectSection(ProjectDependencies) = postProject
		{3E654B69-E1D8-433D-B42A-8AFEB6B1659D} = {3E654B69-E1D8-433D-B42A-8AFEB6B1659D}
	EndProjectSection
EndProject
Project("{FAE04EC0-301F-11D3-BF4B-00C04F79EFBC}") = "Messaging", "..\Messaging\Messaging.csproj", "{3E654B69-E1D8-433D-B42A-8AFEB6B1659D}"
EndProject
Project("{FAE04EC0-301F-11D3-BF4B-00C04F79EFBC}") = "Restaurant.Notification", "..\Restaurant.Notification\Restaurant.Notification.csproj", "{D45472C9-599B-4161-8E80-D1B994E2266F}"
EndProject
Global
	GlobalSection(SolutionConfigurationPlatforms) = preSolution
		Debug|Any CPU = Debug|Any CPU
		Release|Any CPU = Release|Any CPU
	EndGlobalSection
	GlobalSection(ProjectConfigurationPlatforms) = postSolution
		{1F271328-5101-4CB3-A902-74A81EC8782C}.Debug|Any CPU.ActiveCfg = Debug|Any CPU
		{1F271328-5101-4CB3-A902-74A81EC8782C}.Debug|Any CPU.Build.0 = Debug|Any CPU
		{1F271328-5101-4CB3-A902-74A81EC8782C}.Release|Any CPU.ActiveCfg = Release|Any CPU
		{1F271328-5101-4CB3-A902-74A81EC8782C}.Release|Any CPU.Build.0 = Release|Any CPU
		{3E654B69-E1D8-433D-B42A-8AFEB6B1659D}.Debug|Any CPU.ActiveCfg = Debug|Any CPU
		{3E654B69-E1D8-433D-B42A-8AFEB6B1659D}.Debug|Any CPU.Build.0 = Debug|Any CPU
		{3E654B69-E1D8-433D-B42A-8AFEB6B1659D}.Release|Any CPU.ActiveCfg = Release|Any CPU
		{3E654B69-E1D8-433D-B42A-8AFEB6B1659D}.Release|Any CPU.Build.0 = Release|Any CPU
		{D45472C9-599B-4161-8E80-D1B994E2266F}.Debug|Any CPU.ActiveCfg = Debug|Any CPU
		{D45472C9-599B-4161-8E80-D1B994E2266F}.Debug|Any CPU.Build.0 = Debug|Any CPU
		{D45472C9-599B-4161-8E80-D1B994E2266F}.Release|Any CPU.ActiveCfg = Release|Any CPU
		{D45472C9-599B-4161-8E80-D1B994E2266F}.Release|Any CPU.Build.0 = Release|Any CPU
	EndGlobalSection
	GlobalSection(SolutionProperties) = preSolution
		HideSolutionNode = FALSE
	EndGlobalSection
	GlobalSection(ExtensibilityGlobals) = postSolution
		SolutionGuid = {99F0C8FA-69AF-4B1D-AE81-6111EC6B06CB}
	EndGlobalSection
EndGlobal
