
Microsoft Visual Studio Solution File, Format Version 12.00
# Visual Studio Version 17
VisualStudioVersion = 17.3.32825.248
MinimumVisualStudioVersion = 10.0.40219.1
Project("{FAE04EC0-301F-11D3-BF4B-00C04F79EFBC}") = "HW1", "HW1.csproj", "{1F271328-5101-4CB3-A902-74A81EC8782C}"
EndProject
Global
	GlobalSection(SolutionConfigurationPlatforms) = preSolution
		Debug|Any CPU = Debug|Any CPU
		Release|Any CPU = Release|Any CPU
	EndGlobalSection
	GlobalSection(ProjectConfigurationPlatforms) = postSolution
		{1F271328-5101-4CB3-A902-74A81EC8782C}.Debug|Any CPU.ActiveCfg = Debug|Any CPU
		{1F271328-5101-4CB3-A902-74A81EC8782C}.Debug|Any CPU.Build.0 = Debug|Any CPU
		{1F271328-5101-4CB3-A902-74A81EC8782C}.Release|Any CPU.ActiveCfg = Release|Any CPU
		{1F271328-5101-4CB3-A902-74A81EC8782C}.Release|Any CPU.Build.0 = Release|Any CPU
	EndGlobalSection
	GlobalSection(SolutionProperties) = preSolution
		HideSolutionNode = FALSE
	EndGlobalSection
	GlobalSection(ExtensibilityGlobals) = postSolution
		SolutionGuid = {99F0C8FA-69AF-4B1D-AE81-6111EC6B06CB}
	EndGlobalSection
EndGlobal
